{
  "version": 4,
  "terraform_version": "1.7.3",
  "serial": 1117,
  "lineage": "efa70088-1ac5-4f74-77ab-705a33227ad3",
  "outputs": {},
  "resources": [
    {
      "module": "module.ecs",
      "mode": "managed",
      "type": "aws_ecs_cluster",
      "name": "vprofile-cluster",
      "provider": "provider[\"registry.terraform.io/hashicorp/aws\"]",
      "instances": [
        {
          "schema_version": 0,
          "attributes": {
            "arn": "arn:aws:ecs:us-east-1:091570247959:cluster/vprofile-cluster",
            "configuration": [],
            "id": "arn:aws:ecs:us-east-1:091570247959:cluster/vprofile-cluster",
            "name": "vprofile-cluster",
            "service_connect_defaults": [],
            "setting": [
              {
                "name": "containerInsights",
                "value": "enabled"
              }
            ],
            "tags": {
              "Environment": "dev",
              "Project": "vprofile-project"
            },
            "tags_all": {
              "Environment": "dev",
              "Project": "vprofile-project"
            }
          },
          "sensitive_attributes": [],
          "private": "bnVsbA=="
        }
      ]
    },
    {
      "module": "module.ecs",
      "mode": "managed",
      "type": "aws_ecs_cluster_capacity_providers",
      "name": "vp-capacity",
      "provider": "provider[\"registry.terraform.io/hashicorp/aws\"]",
      "instances": [
        {
          "schema_version": 0,
          "attributes": {
            "capacity_providers": [
              "FARGATE"
            ],
            "cluster_name": "vprofile-cluster",
            "default_capacity_provider_strategy": [
              {
                "base": 1,
                "capacity_provider": "FARGATE",
                "weight": 100
              }
            ],
            "id": "vprofile-cluster"
          },
          "sensitive_attributes": [],
          "private": "bnVsbA==",
          "dependencies": [
            "module.ecs.aws_ecs_cluster.vprofile-cluster"
          ]
        }
      ]
    },
    {
      "module": "module.ecs",
      "mode": "managed",
      "type": "aws_ecs_service",
      "name": "vprofile-app-service",
      "provider": "provider[\"registry.terraform.io/hashicorp/aws\"]",
      "instances": [
        {
          "schema_version": 0,
          "attributes": {
            "alarms": [],
            "capacity_provider_strategy": [],
            "cluster": "arn:aws:ecs:us-east-1:091570247959:cluster/vprofile-cluster",
            "deployment_circuit_breaker": [
              {
                "enable": false,
                "rollback": false
              }
            ],
            "deployment_controller": [
              {
                "type": "ECS"
              }
            ],
            "deployment_maximum_percent": 200,
            "deployment_minimum_healthy_percent": 100,
            "desired_count": 3,
            "enable_ecs_managed_tags": false,
            "enable_execute_command": false,
            "force_new_deployment": null,
            "health_check_grace_period_seconds": 0,
            "iam_role": "/aws-service-role/ecs.amazonaws.com/AWSServiceRoleForECS",
            "id": "arn:aws:ecs:us-east-1:091570247959:service/vprofile-cluster/vprofile-app-service",
            "launch_type": "",
            "load_balancer": [
              {
                "container_name": "vproapp",
                "container_port": 8080,
                "elb_name": "",
                "target_group_arn": "arn:aws:elasticloadbalancing:us-east-1:091570247959:targetgroup/vp-tg/aec6afad6d603cb6"
              }
            ],
            "name": "vprofile-app-service",
            "network_configuration": [
              {
                "assign_public_ip": false,
                "security_groups": [
                  "sg-04d0e2a758c7b073e"
                ],
                "subnets": [
                  "subnet-0fad0e34f505a8773"
                ]
              }
            ],
            "ordered_placement_strategy": [],
            "placement_constraints": [],
            "platform_version": "LATEST",
            "propagate_tags": "NONE",
            "scheduling_strategy": "REPLICA",
            "service_connect_configuration": [],
            "service_registries": [],
            "tags": null,
            "tags_all": {},
            "task_definition": "arn:aws:ecs:us-east-1:091570247959:task-definition/vprofile:9",
            "timeouts": null,
            "triggers": {},
            "wait_for_steady_state": false
          },
          "sensitive_attributes": [],
          "private": "eyJlMmJmYjczMC1lY2FhLTExZTYtOGY4OC0zNDM2M2JjN2M0YzAiOnsiY3JlYXRlIjoxMjAwMDAwMDAwMDAwLCJkZWxldGUiOjEyMDAwMDAwMDAwMDAsInVwZGF0ZSI6MTIwMDAwMDAwMDAwMH19",
          "dependencies": [
            "module.ecs.aws_ecs_cluster.vprofile-cluster",
            "module.ecs.aws_ecs_task_definition.vprofile-app-task_definition",
            "module.ecs.aws_lb_target_group.vprofile-target-group",
            "module.securitygroups.aws_security_group.backend-servers",
            "module.securitygroups.aws_security_group.frontend-servers",
            "module.subnets.aws_subnet.private",
            "module.vpc.aws_vpc.main"
          ]
        }
      ]
    },
    {
      "module": "module.ecs",
      "mode": "managed",
      "type": "aws_ecs_task_definition",
      "name": "vprofile-app-task_definition",
      "provider": "provider[\"registry.terraform.io/hashicorp/aws\"]",
      "instances": [
        {
          "schema_version": 1,
          "attributes": {
            "arn": "arn:aws:ecs:us-east-1:091570247959:task-definition/vprofile:9",
            "arn_without_revision": "arn:aws:ecs:us-east-1:091570247959:task-definition/vprofile",
            "container_definitions": "[{\"cpu\":1024,\"environment\":[],\"essential\":true,\"image\":\"091570247959.dkr.ecr.us-east-1.amazonaws.com/vrpofileimg:ecr_vp\",\"logConfiguration\":{\"logDriver\":\"awslogs\",\"options\":{\"awslogs-create-group\":\"true\",\"awslogs-group\":\"/ecs/\",\"awslogs-region\":\"us-east-1\",\"awslogs-stream-prefix\":\"ecs\"}},\"memory\":2048,\"mountPoints\":[],\"name\":\"vproapp\",\"portMappings\":[{\"containerPort\":8080,\"hostPort\":8080,\"protocol\":\"tcp\"}],\"systemControls\":[],\"volumesFrom\":[]}]",
            "cpu": "1024",
            "ephemeral_storage": [],
            "execution_role_arn": "arn:aws:iam::091570247959:role/ecsTaskExecutionRole",
            "family": "vprofile",
            "id": "vprofile",
            "inference_accelerator": [],
            "ipc_mode": "",
            "memory": "2048",
            "network_mode": "awsvpc",
            "pid_mode": "",
            "placement_constraints": [],
            "proxy_configuration": [],
            "requires_compatibilities": [
              "FARGATE"
            ],
            "revision": 9,
            "runtime_platform": [
              {
                "cpu_architecture": "X86_64",
                "operating_system_family": "LINUX"
              }
            ],
            "skip_destroy": false,
            "tags": null,
            "tags_all": {},
            "task_role_arn": "",
            "track_latest": false,
            "volume": []
          },
          "sensitive_attributes": [],
          "private": "eyJzY2hlbWFfdmVyc2lvbiI6IjEifQ=="
        }
      ]
    },
    {
      "module": "module.ecs",
      "mode": "managed",
      "type": "aws_lb",
      "name": "vprofile",
      "provider": "provider[\"registry.terraform.io/hashicorp/aws\"]",
      "instances": [
        {
          "schema_version": 0,
          "attributes": {
            "access_logs": [
              {
                "bucket": "",
                "enabled": false,
                "prefix": ""
              }
            ],
            "arn": "arn:aws:elasticloadbalancing:us-east-1:091570247959:loadbalancer/app/vprofile-alb/272b4c0c80d95d90",
            "arn_suffix": "app/vprofile-alb/272b4c0c80d95d90",
            "connection_logs": [
              {
                "bucket": "",
                "enabled": false,
                "prefix": ""
              }
            ],
            "customer_owned_ipv4_pool": "",
            "desync_mitigation_mode": "defensive",
            "dns_name": "vprofile-alb-523599967.us-east-1.elb.amazonaws.com",
            "dns_record_client_routing_policy": null,
            "drop_invalid_header_fields": false,
            "enable_cross_zone_load_balancing": true,
            "enable_deletion_protection": false,
            "enable_http2": true,
            "enable_tls_version_and_cipher_suite_headers": false,
            "enable_waf_fail_open": false,
            "enable_xff_client_port": false,
            "enforce_security_group_inbound_rules_on_private_link_traffic": "",
            "id": "arn:aws:elasticloadbalancing:us-east-1:091570247959:loadbalancer/app/vprofile-alb/272b4c0c80d95d90",
            "idle_timeout": 60,
            "internal": false,
            "ip_address_type": "ipv4",
            "load_balancer_type": "application",
            "name": "vprofile-alb",
            "name_prefix": "",
            "preserve_host_header": false,
            "security_groups": [
              "sg-0edd0180b17c16ae5"
            ],
            "subnet_mapping": [
              {
                "allocation_id": "",
                "ipv6_address": "",
                "outpost_id": "",
                "private_ipv4_address": "",
                "subnet_id": "subnet-0bc5b93841f3d98e3"
              },
              {
                "allocation_id": "",
                "ipv6_address": "",
                "outpost_id": "",
                "private_ipv4_address": "",
                "subnet_id": "subnet-0fad0e34f505a8773"
              }
            ],
            "subnets": [
              "subnet-0bc5b93841f3d98e3",
              "subnet-0fad0e34f505a8773"
            ],
            "tags": {
              "Environment": "production"
            },
            "tags_all": {
              "Environment": "production"
            },
            "timeouts": null,
            "vpc_id": "vpc-056afa564ec49130d",
            "xff_header_processing_mode": "append",
            "zone_id": "Z35SXDOTRQ7X7K"
          },
          "sensitive_attributes": [],
          "private": "eyJlMmJmYjczMC1lY2FhLTExZTYtOGY4OC0zNDM2M2JjN2M0YzAiOnsiY3JlYXRlIjo2MDAwMDAwMDAwMDAsImRlbGV0ZSI6NjAwMDAwMDAwMDAwLCJ1cGRhdGUiOjYwMDAwMDAwMDAwMH19",
          "dependencies": [
            "module.securitygroups.aws_security_group.frontend-servers",
            "module.subnets.aws_subnet.private",
            "module.subnets.aws_subnet.public1",
            "module.vpc.aws_vpc.main"
          ]
        }
      ]
    },
    {
      "module": "module.ecs",
      "mode": "managed",
      "type": "aws_lb_listener",
      "name": "front_end",
      "provider": "provider[\"registry.terraform.io/hashicorp/aws\"]",
      "instances": [
        {
          "schema_version": 0,
          "attributes": {
            "alpn_policy": null,
            "arn": "arn:aws:elasticloadbalancing:us-east-1:091570247959:listener/app/vprofile-alb/272b4c0c80d95d90/d73d1b53c9619868",
            "certificate_arn": null,
            "default_action": [
              {
                "authenticate_cognito": [],
                "authenticate_oidc": [],
                "fixed_response": [],
                "forward": [],
                "order": 1,
                "redirect": [],
                "target_group_arn": "arn:aws:elasticloadbalancing:us-east-1:091570247959:targetgroup/vp-tg/aec6afad6d603cb6",
                "type": "forward"
              }
            ],
            "id": "arn:aws:elasticloadbalancing:us-east-1:091570247959:listener/app/vprofile-alb/272b4c0c80d95d90/d73d1b53c9619868",
            "load_balancer_arn": "arn:aws:elasticloadbalancing:us-east-1:091570247959:loadbalancer/app/vprofile-alb/272b4c0c80d95d90",
            "mutual_authentication": [],
            "port": 80,
            "protocol": "HTTP",
            "ssl_policy": "",
            "tags": null,
            "tags_all": {},
            "timeouts": null
          },
          "sensitive_attributes": [],
          "private": "eyJlMmJmYjczMC1lY2FhLTExZTYtOGY4OC0zNDM2M2JjN2M0YzAiOnsiY3JlYXRlIjozMDAwMDAwMDAwMDAsInVwZGF0ZSI6MzAwMDAwMDAwMDAwfX0=",
          "dependencies": [
            "module.ecs.aws_lb.vprofile",
            "module.ecs.aws_lb_target_group.vprofile-target-group",
            "module.securitygroups.aws_security_group.frontend-servers",
            "module.subnets.aws_subnet.private",
            "module.subnets.aws_subnet.public1",
            "module.vpc.aws_vpc.main"
          ]
        }
      ]
    },
    {
      "module": "module.ecs",
      "mode": "managed",
      "type": "aws_lb_target_group",
      "name": "vprofile-target-group",
      "provider": "provider[\"registry.terraform.io/hashicorp/aws\"]",
      "instances": [
        {
          "schema_version": 0,
          "attributes": {
            "arn": "arn:aws:elasticloadbalancing:us-east-1:091570247959:targetgroup/vp-tg/aec6afad6d603cb6",
            "arn_suffix": "targetgroup/vp-tg/aec6afad6d603cb6",
            "connection_termination": null,
            "deregistration_delay": "300",
            "health_check": [
              {
                "enabled": true,
                "healthy_threshold": 2,
                "interval": 30,
                "matcher": "200-399",
                "path": "/login",
                "port": "traffic-port",
                "protocol": "HTTP",
                "timeout": 5,
                "unhealthy_threshold": 2
              }
            ],
            "id": "arn:aws:elasticloadbalancing:us-east-1:091570247959:targetgroup/vp-tg/aec6afad6d603cb6",
            "ip_address_type": "ipv4",
            "lambda_multi_value_headers_enabled": false,
            "load_balancer_arns": [],
            "load_balancing_algorithm_type": "round_robin",
            "load_balancing_anomaly_mitigation": "off",
            "load_balancing_cross_zone_enabled": "use_load_balancer_configuration",
            "name": "vp-tg",
            "name_prefix": "",
            "port": 8080,
            "preserve_client_ip": null,
            "protocol": "HTTP",
            "protocol_version": "HTTP1",
            "proxy_protocol_v2": false,
            "slow_start": 0,
            "stickiness": [
              {
                "cookie_duration": 86400,
                "cookie_name": "",
                "enabled": true,
                "type": "lb_cookie"
              }
            ],
            "tags": null,
            "tags_all": {},
            "target_failover": [
              {
                "on_deregistration": null,
                "on_unhealthy": null
              }
            ],
            "target_health_state": [
              {
                "enable_unhealthy_connection_termination": null
              }
            ],
            "target_type": "ip",
            "vpc_id": "vpc-056afa564ec49130d"
          },
          "sensitive_attributes": [],
          "private": "bnVsbA==",
          "dependencies": [
            "module.vpc.aws_vpc.main"
          ]
        }
      ]
    },
    {
      "module": "module.hostedzones",
      "mode": "managed",
      "type": "aws_route53_record",
      "name": "db-record",
      "provider": "provider[\"registry.terraform.io/hashicorp/aws\"]",
      "instances": [
        {
          "schema_version": 2,
          "attributes": {
            "alias": [],
            "allow_overwrite": null,
            "cidr_routing_policy": [],
            "failover_routing_policy": [],
            "fqdn": "db01.asareinfo.xyz",
            "geolocation_routing_policy": [],
            "geoproximity_routing_policy": [],
            "health_check_id": "",
            "id": "Z08052361EK084IPJ3NJI_db01.asareinfo.xyz_CNAME",
            "latency_routing_policy": [],
            "multivalue_answer_routing_policy": false,
            "name": "db01.asareinfo.xyz",
            "records": [
              "terraform-20240410144949741700000003.clm04nll1ldd.us-east-1.rds.amazonaws.com"
            ],
            "set_identifier": "",
            "ttl": 300,
            "type": "CNAME",
            "weighted_routing_policy": [],
            "zone_id": "Z08052361EK084IPJ3NJI"
          },
          "sensitive_attributes": [],
          "private": "eyJzY2hlbWFfdmVyc2lvbiI6IjIifQ==",
          "dependencies": [
            "module.hostedzones.aws_route53_zone.private_zone",
            "module.mysql-rds.aws_db_instance.vprofile-db",
            "module.mysql-rds.aws_db_subnet_group.vprofile",
            "module.mysql-rds.data.aws_ssm_parameter.db_password",
            "module.mysql-rds.data.aws_ssm_parameter.db_username",
            "module.securitygroups.aws_security_group.backend-servers",
            "module.securitygroups.aws_security_group.frontend-servers",
            "module.subnets.aws_subnet.private",
            "module.subnets.aws_subnet.private1",
            "module.vpc.aws_vpc.main"
          ]
        }
      ]
    },
    {
      "module": "module.hostedzones",
      "mode": "managed",
      "type": "aws_route53_record",
      "name": "mc-record",
      "provider": "provider[\"registry.terraform.io/hashicorp/aws\"]",
      "instances": [
        {
          "schema_version": 2,
          "attributes": {
            "alias": [],
            "allow_overwrite": null,
            "cidr_routing_policy": [],
            "failover_routing_policy": [],
            "fqdn": "mcq01.asareinfo.xyz",
            "geolocation_routing_policy": [],
            "geoproximity_routing_policy": [],
            "health_check_id": "",
            "id": "Z08052361EK084IPJ3NJI_mcq01.asareinfo.xyz_CNAME",
            "latency_routing_policy": [],
            "multivalue_answer_routing_policy": false,
            "name": "mcq01.asareinfo.xyz",
            "records": [
              "vprofile-memcached-cluster.ghzmce.cfg.use1.cache.amazonaws.com"
            ],
            "set_identifier": "",
            "ttl": 300,
            "type": "CNAME",
            "weighted_routing_policy": [],
            "zone_id": "Z08052361EK084IPJ3NJI"
          },
          "sensitive_attributes": [],
          "private": "eyJzY2hlbWFfdmVyc2lvbiI6IjIifQ==",
          "dependencies": [
            "module.hostedzones.aws_route53_zone.private_zone",
            "module.memcached.aws_elasticache_cluster.vprofile-memcached",
            "module.memcached.aws_elasticache_parameter_group.vprofile-parameter",
            "module.memcached.aws_elasticache_subnet_group.vprofile",
            "module.securitygroups.aws_security_group.backend-servers",
            "module.securitygroups.aws_security_group.frontend-servers",
            "module.subnets.aws_subnet.private",
            "module.subnets.aws_subnet.private1",
            "module.vpc.aws_vpc.main"
          ]
        }
      ]
    },
    {
      "module": "module.hostedzones",
      "mode": "managed",
      "type": "aws_route53_record",
      "name": "rmq-record",
      "provider": "provider[\"registry.terraform.io/hashicorp/aws\"]",
      "instances": [
        {
          "schema_version": 2,
          "attributes": {
            "alias": [],
            "allow_overwrite": null,
            "cidr_routing_policy": [],
            "failover_routing_policy": [],
            "fqdn": "rmq01.asareinfo.xyz",
            "geolocation_routing_policy": [],
            "geoproximity_routing_policy": [],
            "health_check_id": "",
            "id": "Z08052361EK084IPJ3NJI_rmq01.asareinfo.xyz_CNAME",
            "latency_routing_policy": [],
            "multivalue_answer_routing_policy": false,
            "name": "rmq01.asareinfo.xyz",
            "records": [
              "https://b-37cd86dd-8651-4a60-9ccd-68bb2b7add3f.mq.us-east-1.amazonaws.com"
            ],
            "set_identifier": "",
            "ttl": 300,
            "type": "CNAME",
            "weighted_routing_policy": [],
            "zone_id": "Z08052361EK084IPJ3NJI"
          },
          "sensitive_attributes": [],
          "private": "eyJzY2hlbWFfdmVyc2lvbiI6IjIifQ==",
          "dependencies": [
            "module.hostedzones.aws_route53_zone.private_zone",
            "module.rabbitmq.aws_mq_broker.vprofile-rabbitmq",
            "module.rabbitmq.data.aws_ssm_parameter.rabbitmq_password",
            "module.rabbitmq.data.aws_ssm_parameter.rabbitmq_username",
            "module.securitygroups.aws_security_group.backend-servers",
            "module.securitygroups.aws_security_group.frontend-servers",
            "module.subnets.aws_subnet.private",
            "module.vpc.aws_vpc.main"
          ]
        }
      ]
    },
    {
      "module": "module.hostedzones",
      "mode": "managed",
      "type": "aws_route53_zone",
      "name": "private_zone",
      "provider": "provider[\"registry.terraform.io/hashicorp/aws\"]",
      "instances": [
        {
          "schema_version": 0,
          "attributes": {
            "arn": "arn:aws:route53:::hostedzone/Z08052361EK084IPJ3NJI",
            "comment": "Managed by Terraform",
            "delegation_set_id": "",
            "force_destroy": false,
            "id": "Z08052361EK084IPJ3NJI",
            "name": "asareinfo.xyz",
            "name_servers": [
              "ns-0.awsdns-00.com.",
              "ns-1024.awsdns-00.org.",
              "ns-1536.awsdns-00.co.uk.",
              "ns-512.awsdns-00.net."
            ],
            "primary_name_server": "ns-0.awsdns-00.com.",
            "tags": {
              "Environment": "dev",
              "Name": "vprofile-hostedzones",
              "Project": "vprofile-project"
            },
            "tags_all": {
              "Environment": "dev",
              "Name": "vprofile-hostedzones",
              "Project": "vprofile-project"
            },
            "vpc": [
              {
                "vpc_id": "vpc-056afa564ec49130d",
                "vpc_region": "us-east-1"
              }
            ],
            "zone_id": "Z08052361EK084IPJ3NJI"
          },
          "sensitive_attributes": [],
          "private": "bnVsbA==",
          "dependencies": [
            "module.vpc.aws_vpc.main"
          ]
        }
      ]
    },
    {
      "module": "module.igw",
      "mode": "managed",
      "type": "aws_internet_gateway",
      "name": "gw",
      "provider": "module.igw.provider[\"registry.terraform.io/hashicorp/aws\"]",
      "instances": [
        {
          "schema_version": 0,
          "attributes": {
            "arn": "arn:aws:ec2:us-east-1:091570247959:internet-gateway/igw-086228e236d3f6031",
            "id": "igw-086228e236d3f6031",
            "owner_id": "091570247959",
            "tags": {
              "Environment": "dev",
              "Name": "vprofile-igw",
              "Project": "vprofile-project"
            },
            "tags_all": {
              "Environment": "dev",
              "Name": "vprofile-igw",
              "Project": "vprofile-project"
            },
            "timeouts": null,
            "vpc_id": "vpc-056afa564ec49130d"
          },
          "sensitive_attributes": [],
          "private": "eyJlMmJmYjczMC1lY2FhLTExZTYtOGY4OC0zNDM2M2JjN2M0YzAiOnsiY3JlYXRlIjoxMjAwMDAwMDAwMDAwLCJkZWxldGUiOjEyMDAwMDAwMDAwMDAsInVwZGF0ZSI6MTIwMDAwMDAwMDAwMH19",
          "dependencies": [
            "module.vpc.aws_vpc.main"
          ]
        }
      ]
    },
    {
      "module": "module.memcached",
      "mode": "managed",
      "type": "aws_elasticache_cluster",
      "name": "vprofile-memcached",
      "provider": "provider[\"registry.terraform.io/hashicorp/aws\"]",
      "instances": [
        {
          "schema_version": 0,
          "attributes": {
            "apply_immediately": null,
            "arn": "arn:aws:elasticache:us-east-1:091570247959:cluster:vprofile-memcached-cluster",
            "auto_minor_version_upgrade": "true",
            "availability_zone": "us-east-1c",
            "az_mode": "single-az",
            "cache_nodes": [
              {
                "address": "vprofile-memcached-cluster.ghzmce.0001.use1.cache.amazonaws.com",
                "availability_zone": "us-east-1c",
                "id": "0001",
                "outpost_arn": "",
                "port": 11211
              }
            ],
            "cluster_address": "vprofile-memcached-cluster.ghzmce.cfg.use1.cache.amazonaws.com",
            "cluster_id": "vprofile-memcached-cluster",
            "configuration_endpoint": "vprofile-memcached-cluster.ghzmce.cfg.use1.cache.amazonaws.com:11211",
            "engine": "memcached",
            "engine_version": "1.6.22",
            "engine_version_actual": "1.6.22",
            "final_snapshot_identifier": null,
            "id": "vprofile-memcached-cluster",
            "ip_discovery": "ipv4",
            "log_delivery_configuration": [],
            "maintenance_window": "wed:09:00-wed:10:00",
            "network_type": "ipv4",
            "node_type": "cache.t3.micro",
            "notification_topic_arn": null,
            "num_cache_nodes": 1,
            "outpost_mode": null,
            "parameter_group_name": "memcache-params",
            "port": 11211,
            "preferred_availability_zones": null,
            "preferred_outpost_arn": "",
            "replication_group_id": "",
            "security_group_ids": [
              "sg-04d0e2a758c7b073e"
            ],
            "snapshot_arns": null,
            "snapshot_name": null,
            "snapshot_retention_limit": 0,
            "snapshot_window": "",
            "subnet_group_name": "vprofile-subnet-group",
            "tags": null,
            "tags_all": {},
            "transit_encryption_enabled": false
          },
          "sensitive_attributes": [],
          "private": "bnVsbA==",
          "dependencies": [
            "module.memcached.aws_elasticache_parameter_group.vprofile-parameter",
            "module.memcached.aws_elasticache_subnet_group.vprofile",
            "module.securitygroups.aws_security_group.backend-servers",
            "module.securitygroups.aws_security_group.frontend-servers",
            "module.subnets.aws_subnet.private",
            "module.subnets.aws_subnet.private1",
            "module.vpc.aws_vpc.main"
          ]
        }
      ]
    },
    {
      "module": "module.memcached",
      "mode": "managed",
      "type": "aws_elasticache_parameter_group",
      "name": "vprofile-parameter",
      "provider": "provider[\"registry.terraform.io/hashicorp/aws\"]",
      "instances": [
        {
          "schema_version": 0,
          "attributes": {
            "arn": "arn:aws:elasticache:us-east-1:091570247959:parametergroup:memcache-params",
            "description": "Managed by Terraform",
            "family": "memcached1.6",
            "id": "memcache-params",
            "name": "memcache-params",
            "parameter": [],
            "tags": null,
            "tags_all": {}
          },
          "sensitive_attributes": [],
          "private": "bnVsbA=="
        }
      ]
    },
    {
      "module": "module.memcached",
      "mode": "managed",
      "type": "aws_elasticache_subnet_group",
      "name": "vprofile",
      "provider": "provider[\"registry.terraform.io/hashicorp/aws\"]",
      "instances": [
        {
          "schema_version": 0,
          "attributes": {
            "arn": "arn:aws:elasticache:us-east-1:091570247959:subnetgroup:vprofile-subnet-group",
            "description": "Managed by Terraform",
            "id": "vprofile-subnet-group",
            "name": "vprofile-subnet-group",
            "subnet_ids": [
              "subnet-0f20d091c74c4f811",
              "subnet-0fad0e34f505a8773"
            ],
            "tags": {
              "Name": "My Memcache subnet group"
            },
            "tags_all": {
              "Name": "My Memcache subnet group"
            },
            "vpc_id": "vpc-056afa564ec49130d"
          },
          "sensitive_attributes": [],
          "private": "bnVsbA==",
          "dependencies": [
            "module.subnets.aws_subnet.private",
            "module.subnets.aws_subnet.private1",
            "module.vpc.aws_vpc.main"
          ]
        }
      ]
    },
    {
      "module": "module.mysql-rds",
      "mode": "data",
      "type": "aws_ssm_parameter",
      "name": "db_password",
      "provider": "provider[\"registry.terraform.io/hashicorp/aws\"]",
      "instances": [
        {
          "schema_version": 0,
          "attributes": {
            "arn": "arn:aws:ssm:us-east-1:091570247959:parameter/db_password",
            "id": "db_password",
            "insecure_value": "admin123",
            "name": "db_password",
            "type": "String",
            "value": "admin123",
            "version": 1,
            "with_decryption": true
          },
          "sensitive_attributes": []
        }
      ]
    },
    {
      "module": "module.mysql-rds",
      "mode": "data",
      "type": "aws_ssm_parameter",
      "name": "db_username",
      "provider": "provider[\"registry.terraform.io/hashicorp/aws\"]",
      "instances": [
        {
          "schema_version": 0,
          "attributes": {
            "arn": "arn:aws:ssm:us-east-1:091570247959:parameter/db_username",
            "id": "db_username",
            "insecure_value": "admin",
            "name": "db_username",
            "type": "String",
            "value": "admin",
            "version": 1,
            "with_decryption": true
          },
          "sensitive_attributes": []
        }
      ]
    },
    {
      "module": "module.mysql-rds",
      "mode": "managed",
      "type": "aws_db_instance",
      "name": "vprofile-db",
      "provider": "provider[\"registry.terraform.io/hashicorp/aws\"]",
      "instances": [
        {
          "schema_version": 2,
          "attributes": {
            "address": "terraform-20240410144949741700000003.clm04nll1ldd.us-east-1.rds.amazonaws.com",
            "allocated_storage": 10,
            "allow_major_version_upgrade": null,
            "apply_immediately": false,
            "arn": "arn:aws:rds:us-east-1:091570247959:db:terraform-20240410144949741700000003",
            "auto_minor_version_upgrade": true,
            "availability_zone": "us-east-1c",
            "backup_retention_period": 0,
            "backup_target": "region",
            "backup_window": "03:21-03:51",
            "blue_green_update": [],
            "ca_cert_identifier": "rds-ca-rsa2048-g1",
            "character_set_name": "",
            "copy_tags_to_snapshot": false,
            "custom_iam_instance_profile": "",
            "customer_owned_ip_enabled": false,
            "db_name": "accounts",
            "db_subnet_group_name": "vprofile-subnet-group",
            "delete_automated_backups": true,
            "deletion_protection": false,
            "domain": "",
            "domain_auth_secret_arn": "",
            "domain_dns_ips": null,
            "domain_fqdn": "",
            "domain_iam_role_name": "",
            "domain_ou": "",
            "enabled_cloudwatch_logs_exports": null,
            "endpoint": "terraform-20240410144949741700000003.clm04nll1ldd.us-east-1.rds.amazonaws.com:3306",
            "engine": "mysql",
            "engine_version": "8.0.35",
            "engine_version_actual": "8.0.35",
            "final_snapshot_identifier": null,
            "hosted_zone_id": "Z2R2ITUGPM61AM",
            "iam_database_authentication_enabled": false,
            "id": "db-BIBKFX6NYVOHYE2EDNQPRVF65U",
            "identifier": "terraform-20240410144949741700000003",
            "identifier_prefix": "terraform-",
            "instance_class": "db.t3.micro",
            "iops": 0,
            "kms_key_id": "",
            "latest_restorable_time": "",
            "license_model": "general-public-license",
            "listener_endpoint": [],
            "maintenance_window": "wed:08:41-wed:09:11",
            "manage_master_user_password": null,
            "master_user_secret": [],
            "master_user_secret_kms_key_id": null,
            "max_allocated_storage": 0,
            "monitoring_interval": 0,
            "monitoring_role_arn": "",
            "multi_az": false,
            "nchar_character_set_name": "",
            "network_type": "IPV4",
            "option_group_name": "default:mysql-8-0",
            "parameter_group_name": "default.mysql8.0",
            "password": "admin123",
            "performance_insights_enabled": false,
            "performance_insights_kms_key_id": "",
            "performance_insights_retention_period": 0,
            "port": 3306,
            "publicly_accessible": false,
            "replica_mode": "",
            "replicas": [],
            "replicate_source_db": "",
            "resource_id": "db-BIBKFX6NYVOHYE2EDNQPRVF65U",
            "restore_to_point_in_time": [],
            "s3_import": [],
            "skip_final_snapshot": true,
            "snapshot_identifier": null,
            "status": "available",
            "storage_encrypted": false,
            "storage_throughput": 0,
            "storage_type": "gp2",
            "tags": {
              "Environment": "dev",
              "Name": "nginx-frontend-server-db",
              "Project": "vprofile-project"
            },
            "tags_all": {
              "Environment": "dev",
              "Name": "nginx-frontend-server-db",
              "Project": "vprofile-project"
            },
            "timeouts": null,
            "timezone": "",
            "username": "admin",
            "vpc_security_group_ids": [
              "sg-04d0e2a758c7b073e"
            ]
          },
          "sensitive_attributes": [
            [
              {
                "type": "get_attr",
                "value": "username"
              }
            ],
            [
              {
                "type": "get_attr",
                "value": "password"
              }
            ]
          ],
          "private": "eyJlMmJmYjczMC1lY2FhLTExZTYtOGY4OC0zNDM2M2JjN2M0YzAiOnsiY3JlYXRlIjoyNDAwMDAwMDAwMDAwLCJkZWxldGUiOjM2MDAwMDAwMDAwMDAsInVwZGF0ZSI6NDgwMDAwMDAwMDAwMH0sInNjaGVtYV92ZXJzaW9uIjoiMiJ9",
          "dependencies": [
            "module.mysql-rds.aws_db_subnet_group.vprofile",
            "module.mysql-rds.data.aws_ssm_parameter.db_password",
            "module.mysql-rds.data.aws_ssm_parameter.db_username",
            "module.securitygroups.aws_security_group.backend-servers",
            "module.securitygroups.aws_security_group.frontend-servers",
            "module.subnets.aws_subnet.private",
            "module.subnets.aws_subnet.private1",
            "module.vpc.aws_vpc.main"
          ]
        }
      ]
    },
    {
      "module": "module.mysql-rds",
      "mode": "managed",
      "type": "aws_db_subnet_group",
      "name": "vprofile",
      "provider": "provider[\"registry.terraform.io/hashicorp/aws\"]",
      "instances": [
        {
          "schema_version": 0,
          "attributes": {
            "arn": "arn:aws:rds:us-east-1:091570247959:subgrp:vprofile-subnet-group",
            "description": "Managed by Terraform",
            "id": "vprofile-subnet-group",
            "name": "vprofile-subnet-group",
            "name_prefix": "",
            "subnet_ids": [
              "subnet-0f20d091c74c4f811",
              "subnet-0fad0e34f505a8773"
            ],
            "supported_network_types": [
              "IPV4"
            ],
            "tags": {
              "Name": "My DB subnet group"
            },
            "tags_all": {
              "Name": "My DB subnet group"
            },
            "vpc_id": "vpc-056afa564ec49130d"
          },
          "sensitive_attributes": [],
          "private": "bnVsbA==",
          "dependencies": [
            "module.subnets.aws_subnet.private",
            "module.subnets.aws_subnet.private1",
            "module.vpc.aws_vpc.main"
          ]
        }
      ]
    },
    {
      "module": "module.mysql-rds",
      "mode": "managed",
      "type": "aws_instance",
      "name": "rds-connect-ec2",
      "provider": "provider[\"registry.terraform.io/hashicorp/aws\"]",
      "instances": [
        {
          "schema_version": 1,
          "attributes": {
            "ami": "ami-080e1f13689e07408",
            "arn": "arn:aws:ec2:us-east-1:091570247959:instance/i-08ed35944a904dc18",
            "associate_public_ip_address": true,
            "availability_zone": "us-east-1b",
            "capacity_reservation_specification": [
              {
                "capacity_reservation_preference": "open",
                "capacity_reservation_target": []
              }
            ],
            "cpu_core_count": 2,
            "cpu_options": [
              {
                "amd_sev_snp": "",
                "core_count": 2,
                "threads_per_core": 1
              }
            ],
            "cpu_threads_per_core": 1,
            "credit_specification": [
              {
                "cpu_credits": "standard"
              }
            ],
            "disable_api_stop": false,
            "disable_api_termination": false,
            "ebs_block_device": [],
            "ebs_optimized": false,
            "enclave_options": [
              {
                "enabled": false
              }
            ],
            "ephemeral_block_device": [],
            "get_password_data": false,
            "hibernation": false,
            "host_id": "",
            "host_resource_group_arn": null,
            "iam_instance_profile": "",
            "id": "i-08ed35944a904dc18",
            "instance_initiated_shutdown_behavior": "stop",
            "instance_lifecycle": "",
            "instance_market_options": [],
            "instance_state": "running",
            "instance_type": "t2.medium",
            "ipv6_address_count": 0,
            "ipv6_addresses": [],
            "key_name": "web-keypair",
            "launch_template": [],
            "maintenance_options": [
              {
                "auto_recovery": "default"
              }
            ],
            "metadata_options": [
              {
                "http_endpoint": "enabled",
                "http_protocol_ipv6": "disabled",
                "http_put_response_hop_limit": 1,
                "http_tokens": "optional",
                "instance_metadata_tags": "disabled"
              }
            ],
            "monitoring": false,
            "network_interface": [],
            "outpost_arn": "",
            "password_data": "",
            "placement_group": "",
            "placement_partition_number": 0,
            "primary_network_interface_id": "eni-0e1180a60305bf906",
            "private_dns": "ip-10-0-3-91.ec2.internal",
            "private_dns_name_options": [
              {
                "enable_resource_name_dns_a_record": false,
                "enable_resource_name_dns_aaaa_record": false,
                "hostname_type": "ip-name"
              }
            ],
            "private_ip": "10.0.3.91",
            "public_dns": "ec2-3-84-73-41.compute-1.amazonaws.com",
            "public_ip": "3.84.73.41",
            "root_block_device": [
              {
                "delete_on_termination": true,
                "device_name": "/dev/sda1",
                "encrypted": false,
                "iops": 100,
                "kms_key_id": "",
                "tags": {},
                "tags_all": {},
                "throughput": 0,
                "volume_id": "vol-0ebc156f8a08b6784",
                "volume_size": 8,
                "volume_type": "gp2"
              }
            ],
            "secondary_private_ips": [],
            "security_groups": [],
            "source_dest_check": true,
            "spot_instance_request_id": "",
            "subnet_id": "subnet-0bc5b93841f3d98e3",
            "tags": {
              "Environment": "dev",
              "Name": "nginx-frontend-server",
              "Project": "vprofile-project"
            },
            "tags_all": {
              "Environment": "dev",
              "Name": "nginx-frontend-server",
              "Project": "vprofile-project"
            },
            "tenancy": "default",
            "timeouts": null,
            "user_data": null,
            "user_data_base64": null,
            "user_data_replace_on_change": false,
            "volume_tags": null,
            "vpc_security_group_ids": [
              "sg-0edd0180b17c16ae5"
            ]
          },
          "sensitive_attributes": [],
          "private": "eyJlMmJmYjczMC1lY2FhLTExZTYtOGY4OC0zNDM2M2JjN2M0YzAiOnsiY3JlYXRlIjo2MDAwMDAwMDAwMDAsImRlbGV0ZSI6MTIwMDAwMDAwMDAwMCwicmVhZCI6OTAwMDAwMDAwMDAwLCJ1cGRhdGUiOjYwMDAwMDAwMDAwMH0sInNjaGVtYV92ZXJzaW9uIjoiMSJ9",
          "dependencies": [
            "module.mysql-rds.aws_db_instance.vprofile-db",
            "module.mysql-rds.aws_db_subnet_group.vprofile",
            "module.mysql-rds.data.aws_ssm_parameter.db_password",
            "module.mysql-rds.data.aws_ssm_parameter.db_username",
            "module.securitygroups.aws_security_group.backend-servers",
            "module.securitygroups.aws_security_group.frontend-servers",
            "module.subnets.aws_subnet.private",
            "module.subnets.aws_subnet.private1",
            "module.subnets.aws_subnet.public1",
            "module.vpc.aws_vpc.main"
          ]
        }
      ]
    },
    {
      "module": "module.ngw",
      "mode": "managed",
      "type": "aws_eip",
      "name": "nat_eip",
      "provider": "module.ngw.provider[\"registry.terraform.io/hashicorp/aws\"]",
      "instances": [
        {
          "schema_version": 0,
          "attributes": {
            "address": null,
            "allocation_id": "eipalloc-04a34e97da4000be1",
            "associate_with_private_ip": null,
            "association_id": "",
            "carrier_ip": "",
            "customer_owned_ip": "",
            "customer_owned_ipv4_pool": "",
            "domain": "vpc",
            "id": "eipalloc-04a34e97da4000be1",
            "instance": "",
            "network_border_group": "us-east-1",
            "network_interface": "",
            "private_dns": null,
            "private_ip": "",
            "public_dns": "ec2-52-1-79-246.compute-1.amazonaws.com",
            "public_ip": "52.1.79.246",
            "public_ipv4_pool": "amazon",
            "tags": null,
            "tags_all": {},
            "timeouts": null,
            "vpc": true
          },
          "sensitive_attributes": [],
          "private": "eyJlMmJmYjczMC1lY2FhLTExZTYtOGY4OC0zNDM2M2JjN2M0YzAiOnsiZGVsZXRlIjoxODAwMDAwMDAwMDAsInJlYWQiOjkwMDAwMDAwMDAwMCwidXBkYXRlIjozMDAwMDAwMDAwMDB9fQ=="
        }
      ]
    },
    {
      "module": "module.ngw",
      "mode": "managed",
      "type": "aws_nat_gateway",
      "name": "nat-gw",
      "provider": "module.ngw.provider[\"registry.terraform.io/hashicorp/aws\"]",
      "instances": [
        {
          "schema_version": 0,
          "attributes": {
            "allocation_id": "eipalloc-04a34e97da4000be1",
            "association_id": "eipassoc-06140e4a9f0dc6b9d",
            "connectivity_type": "public",
            "id": "nat-0ed7414dacf45b704",
            "network_interface_id": "eni-06cc609f8fe76247d",
            "private_ip": "10.0.1.44",
            "public_ip": "52.1.79.246",
            "secondary_allocation_ids": null,
            "secondary_private_ip_address_count": 0,
            "secondary_private_ip_addresses": [],
            "subnet_id": "subnet-067a9ff9ee7eda1a2",
            "tags": {
              "Environment": "dev",
              "Name": "vprofile-ngw",
              "Project": "vprofile-project"
            },
            "tags_all": {
              "Environment": "dev",
              "Name": "vprofile-ngw",
              "Project": "vprofile-project"
            },
            "timeouts": null
          },
          "sensitive_attributes": [],
          "private": "eyJlMmJmYjczMC1lY2FhLTExZTYtOGY4OC0zNDM2M2JjN2M0YzAiOnsiY3JlYXRlIjo2MDAwMDAwMDAwMDAsImRlbGV0ZSI6MTgwMDAwMDAwMDAwMCwidXBkYXRlIjo2MDAwMDAwMDAwMDB9fQ==",
          "dependencies": [
            "module.igw.aws_internet_gateway.gw",
            "module.ngw.aws_eip.nat_eip",
            "module.subnets.aws_subnet.public",
            "module.vpc.aws_vpc.main"
          ]
        }
      ]
    },
    {
      "module": "module.rabbitmq",
      "mode": "data",
      "type": "aws_ssm_parameter",
      "name": "rabbitmq_password",
      "provider": "provider[\"registry.terraform.io/hashicorp/aws\"]",
      "instances": [
        {
          "schema_version": 0,
          "attributes": {
            "arn": "arn:aws:ssm:us-east-1:091570247959:parameter/rabbitmq_pass",
            "id": "rabbitmq_pass",
            "insecure_value": "Dontworry777.",
            "name": "rabbitmq_pass",
            "type": "String",
            "value": "Dontworry777.",
            "version": 2,
            "with_decryption": true
          },
          "sensitive_attributes": []
        }
      ]
    },
    {
      "module": "module.rabbitmq",
      "mode": "data",
      "type": "aws_ssm_parameter",
      "name": "rabbitmq_username",
      "provider": "provider[\"registry.terraform.io/hashicorp/aws\"]",
      "instances": [
        {
          "schema_version": 0,
          "attributes": {
            "arn": "arn:aws:ssm:us-east-1:091570247959:parameter/rabbitmq_user",
            "id": "rabbitmq_user",
            "insecure_value": "test",
            "name": "rabbitmq_user",
            "type": "String",
            "value": "test",
            "version": 1,
            "with_decryption": true
          },
          "sensitive_attributes": []
        }
      ]
    },
    {
      "module": "module.rabbitmq",
      "mode": "managed",
      "type": "aws_mq_broker",
      "name": "vprofile-rabbitmq",
      "provider": "provider[\"registry.terraform.io/hashicorp/aws\"]",
      "instances": [
        {
          "schema_version": 0,
          "attributes": {
            "apply_immediately": false,
            "arn": "arn:aws:mq:us-east-1:091570247959:broker:rabbitmq:b-37cd86dd-8651-4a60-9ccd-68bb2b7add3f",
            "authentication_strategy": "simple",
            "auto_minor_version_upgrade": false,
            "broker_name": "rabbitmq",
            "configuration": [
              {
                "id": "c-a1f00606-cd40-4f03-99a9-3c755c669eb5",
                "revision": 1
              }
            ],
            "data_replication_mode": "",
            "data_replication_primary_broker_arn": null,
            "deployment_mode": "SINGLE_INSTANCE",
            "encryption_options": [
              {
                "kms_key_id": "",
                "use_aws_owned_key": true
              }
            ],
            "engine_type": "RabbitMQ",
            "engine_version": "3.11.28",
            "host_instance_type": "mq.t3.micro",
            "id": "b-37cd86dd-8651-4a60-9ccd-68bb2b7add3f",
            "instances": [
              {
                "console_url": "https://b-37cd86dd-8651-4a60-9ccd-68bb2b7add3f.mq.us-east-1.amazonaws.com",
                "endpoints": [
                  "amqps://b-37cd86dd-8651-4a60-9ccd-68bb2b7add3f.mq.us-east-1.amazonaws.com:5671"
                ],
                "ip_address": ""
              }
            ],
            "ldap_server_metadata": [],
            "logs": [
              {
                "audit": "",
                "general": false
              }
            ],
            "maintenance_window_start_time": [
              {
                "day_of_week": "THURSDAY",
                "time_of_day": "21:00",
                "time_zone": "UTC"
              }
            ],
            "pending_data_replication_mode": "",
            "publicly_accessible": false,
            "security_groups": [
              "sg-04d0e2a758c7b073e"
            ],
            "storage_type": "ebs",
            "subnet_ids": [
              "subnet-0fad0e34f505a8773"
            ],
            "tags": null,
            "tags_all": {},
            "timeouts": null,
            "user": [
              {
                "console_access": false,
                "groups": [],
                "password": "Dontworry777.",
                "replication_user": false,
                "username": "test"
              }
            ]
          },
          "sensitive_attributes": [
            [
              {
                "type": "get_attr",
                "value": "user"
              }
            ]
          ],
          "private": "eyJlMmJmYjczMC1lY2FhLTExZTYtOGY4OC0zNDM2M2JjN2M0YzAiOnsiY3JlYXRlIjoxODAwMDAwMDAwMDAwLCJkZWxldGUiOjE4MDAwMDAwMDAwMDAsInVwZGF0ZSI6MTgwMDAwMDAwMDAwMH19",
          "dependencies": [
            "module.rabbitmq.data.aws_ssm_parameter.rabbitmq_password",
            "module.rabbitmq.data.aws_ssm_parameter.rabbitmq_username",
            "module.securitygroups.aws_security_group.backend-servers",
            "module.securitygroups.aws_security_group.frontend-servers",
            "module.subnets.aws_subnet.private",
            "module.vpc.aws_vpc.main"
          ]
        }
      ]
    },
    {
      "module": "module.routeable",
      "mode": "managed",
      "type": "aws_route_table",
      "name": "private-subnet",
      "provider": "module.routeable.provider[\"registry.terraform.io/hashicorp/aws\"]",
      "instances": [
        {
          "schema_version": 0,
          "attributes": {
            "arn": "arn:aws:ec2:us-east-1:091570247959:route-table/rtb-0532b4f0685ca9fa4",
            "id": "rtb-0532b4f0685ca9fa4",
            "owner_id": "091570247959",
            "propagating_vgws": [],
            "route": [
              {
                "carrier_gateway_id": "",
                "cidr_block": "0.0.0.0/0",
                "core_network_arn": "",
                "destination_prefix_list_id": "",
                "egress_only_gateway_id": "",
                "gateway_id": "",
                "ipv6_cidr_block": "",
                "local_gateway_id": "",
                "nat_gateway_id": "nat-0ed7414dacf45b704",
                "network_interface_id": "",
                "transit_gateway_id": "",
                "vpc_endpoint_id": "",
                "vpc_peering_connection_id": ""
              }
            ],
            "tags": {
              "Environment": "dev",
              "Name": "vprofile-private-RT",
              "Project": "vprofile-project"
            },
            "tags_all": {
              "Environment": "dev",
              "Name": "vprofile-private-RT",
              "Project": "vprofile-project"
            },
            "timeouts": null,
            "vpc_id": "vpc-056afa564ec49130d"
          },
          "sensitive_attributes": [],
          "private": "eyJlMmJmYjczMC1lY2FhLTExZTYtOGY4OC0zNDM2M2JjN2M0YzAiOnsiY3JlYXRlIjozMDAwMDAwMDAwMDAsImRlbGV0ZSI6MzAwMDAwMDAwMDAwLCJ1cGRhdGUiOjEyMDAwMDAwMDAwMH19",
          "dependencies": [
            "module.igw.aws_internet_gateway.gw",
            "module.ngw.aws_eip.nat_eip",
            "module.ngw.aws_nat_gateway.nat-gw",
            "module.subnets.aws_subnet.public",
            "module.vpc.aws_vpc.main"
          ]
        }
      ]
    },
    {
      "module": "module.routeable",
      "mode": "managed",
      "type": "aws_route_table",
      "name": "public-subnet",
      "provider": "module.routeable.provider[\"registry.terraform.io/hashicorp/aws\"]",
      "instances": [
        {
          "schema_version": 0,
          "attributes": {
            "arn": "arn:aws:ec2:us-east-1:091570247959:route-table/rtb-05981b68c6f225186",
            "id": "rtb-05981b68c6f225186",
            "owner_id": "091570247959",
            "propagating_vgws": [],
            "route": [
              {
                "carrier_gateway_id": "",
                "cidr_block": "0.0.0.0/0",
                "core_network_arn": "",
                "destination_prefix_list_id": "",
                "egress_only_gateway_id": "",
                "gateway_id": "igw-086228e236d3f6031",
                "ipv6_cidr_block": "",
                "local_gateway_id": "",
                "nat_gateway_id": "",
                "network_interface_id": "",
                "transit_gateway_id": "",
                "vpc_endpoint_id": "",
                "vpc_peering_connection_id": ""
              }
            ],
            "tags": {
              "Environment": "dev",
              "Name": "vprofile-public-RT",
              "Project": "vprofile-project"
            },
            "tags_all": {
              "Environment": "dev",
              "Name": "vprofile-public-RT",
              "Project": "vprofile-project"
            },
            "timeouts": null,
            "vpc_id": "vpc-056afa564ec49130d"
          },
          "sensitive_attributes": [],
          "private": "eyJlMmJmYjczMC1lY2FhLTExZTYtOGY4OC0zNDM2M2JjN2M0YzAiOnsiY3JlYXRlIjozMDAwMDAwMDAwMDAsImRlbGV0ZSI6MzAwMDAwMDAwMDAwLCJ1cGRhdGUiOjEyMDAwMDAwMDAwMH19",
          "dependencies": [
            "module.igw.aws_internet_gateway.gw",
            "module.vpc.aws_vpc.main"
          ]
        }
      ]
    },
    {
      "module": "module.routeable",
      "mode": "managed",
      "type": "aws_route_table_association",
      "name": "private",
      "provider": "module.routeable.provider[\"registry.terraform.io/hashicorp/aws\"]",
      "instances": [
        {
          "schema_version": 0,
          "attributes": {
            "gateway_id": "",
            "id": "rtbassoc-0aa921425cbbcf8a1",
            "route_table_id": "rtb-0532b4f0685ca9fa4",
            "subnet_id": "subnet-0fad0e34f505a8773",
            "timeouts": null
          },
          "sensitive_attributes": [],
          "private": "eyJlMmJmYjczMC1lY2FhLTExZTYtOGY4OC0zNDM2M2JjN2M0YzAiOnsiY3JlYXRlIjozMDAwMDAwMDAwMDAsImRlbGV0ZSI6MzAwMDAwMDAwMDAwLCJ1cGRhdGUiOjEyMDAwMDAwMDAwMH19",
          "dependencies": [
            "module.igw.aws_internet_gateway.gw",
            "module.ngw.aws_eip.nat_eip",
            "module.ngw.aws_nat_gateway.nat-gw",
            "module.routeable.aws_route_table.private-subnet",
            "module.subnets.aws_subnet.private",
            "module.subnets.aws_subnet.public",
            "module.vpc.aws_vpc.main"
          ]
        }
      ]
    },
    {
      "module": "module.routeable",
      "mode": "managed",
      "type": "aws_route_table_association",
      "name": "private1",
      "provider": "module.routeable.provider[\"registry.terraform.io/hashicorp/aws\"]",
      "instances": [
        {
          "schema_version": 0,
          "attributes": {
            "gateway_id": "",
            "id": "rtbassoc-07fc8a9316c66ace1",
            "route_table_id": "rtb-0532b4f0685ca9fa4",
            "subnet_id": "subnet-0f20d091c74c4f811",
            "timeouts": null
          },
          "sensitive_attributes": [],
          "private": "eyJlMmJmYjczMC1lY2FhLTExZTYtOGY4OC0zNDM2M2JjN2M0YzAiOnsiY3JlYXRlIjozMDAwMDAwMDAwMDAsImRlbGV0ZSI6MzAwMDAwMDAwMDAwLCJ1cGRhdGUiOjEyMDAwMDAwMDAwMH19",
          "dependencies": [
            "module.igw.aws_internet_gateway.gw",
            "module.ngw.aws_eip.nat_eip",
            "module.ngw.aws_nat_gateway.nat-gw",
            "module.routeable.aws_route_table.private-subnet",
            "module.subnets.aws_subnet.private1",
            "module.subnets.aws_subnet.public",
            "module.vpc.aws_vpc.main"
          ]
        }
      ]
    },
    {
      "module": "module.routeable",
      "mode": "managed",
      "type": "aws_route_table_association",
      "name": "public",
      "provider": "module.routeable.provider[\"registry.terraform.io/hashicorp/aws\"]",
      "instances": [
        {
          "schema_version": 0,
          "attributes": {
            "gateway_id": "",
            "id": "rtbassoc-01ec866d82e806264",
            "route_table_id": "rtb-05981b68c6f225186",
            "subnet_id": "subnet-067a9ff9ee7eda1a2",
            "timeouts": null
          },
          "sensitive_attributes": [],
          "private": "eyJlMmJmYjczMC1lY2FhLTExZTYtOGY4OC0zNDM2M2JjN2M0YzAiOnsiY3JlYXRlIjozMDAwMDAwMDAwMDAsImRlbGV0ZSI6MzAwMDAwMDAwMDAwLCJ1cGRhdGUiOjEyMDAwMDAwMDAwMH19",
          "dependencies": [
            "module.igw.aws_internet_gateway.gw",
            "module.routeable.aws_route_table.public-subnet",
            "module.subnets.aws_subnet.public",
            "module.vpc.aws_vpc.main"
          ]
        }
      ]
    },
    {
      "module": "module.routeable",
      "mode": "managed",
      "type": "aws_route_table_association",
      "name": "public1",
      "provider": "module.routeable.provider[\"registry.terraform.io/hashicorp/aws\"]",
      "instances": [
        {
          "schema_version": 0,
          "attributes": {
            "gateway_id": "",
            "id": "rtbassoc-06e1e761ba362eb85",
            "route_table_id": "rtb-05981b68c6f225186",
            "subnet_id": "subnet-0bc5b93841f3d98e3",
            "timeouts": null
          },
          "sensitive_attributes": [],
          "private": "eyJlMmJmYjczMC1lY2FhLTExZTYtOGY4OC0zNDM2M2JjN2M0YzAiOnsiY3JlYXRlIjozMDAwMDAwMDAwMDAsImRlbGV0ZSI6MzAwMDAwMDAwMDAwLCJ1cGRhdGUiOjEyMDAwMDAwMDAwMH19",
          "dependencies": [
            "module.igw.aws_internet_gateway.gw",
            "module.routeable.aws_route_table.public-subnet",
            "module.subnets.aws_subnet.public1",
            "module.vpc.aws_vpc.main"
          ]
        }
      ]
    },
    {
      "module": "module.securitygroups",
      "mode": "managed",
      "type": "aws_security_group",
      "name": "backend-servers",
      "provider": "module.securitygroups.provider[\"registry.terraform.io/hashicorp/aws\"]",
      "instances": [
        {
          "schema_version": 1,
          "attributes": {
            "arn": "arn:aws:ec2:us-east-1:091570247959:security-group/sg-04d0e2a758c7b073e",
            "description": "security group for backend servers",
            "egress": [
              {
                "cidr_blocks": [
                  "0.0.0.0/0"
                ],
                "description": "",
                "from_port": 0,
                "ipv6_cidr_blocks": [],
                "prefix_list_ids": [],
                "protocol": "-1",
                "security_groups": [],
                "self": false,
                "to_port": 0
              }
            ],
            "id": "sg-04d0e2a758c7b073e",
            "ingress": [
              {
                "cidr_blocks": [],
                "description": "",
                "from_port": 22,
                "ipv6_cidr_blocks": [],
                "prefix_list_ids": [],
                "protocol": "tcp",
                "security_groups": [
                  "sg-0edd0180b17c16ae5"
                ],
                "self": true,
                "to_port": 22
              },
              {
                "cidr_blocks": [],
                "description": "open db port for webapp",
                "from_port": 3306,
                "ipv6_cidr_blocks": [],
                "prefix_list_ids": [],
                "protocol": "tcp",
                "security_groups": [
                  "sg-0edd0180b17c16ae5"
                ],
                "self": true,
                "to_port": 3306
              },
              {
                "cidr_blocks": [],
                "description": "open memcached port for webapp",
                "from_port": 11211,
                "ipv6_cidr_blocks": [],
                "prefix_list_ids": [],
                "protocol": "tcp",
                "security_groups": [],
                "self": true,
                "to_port": 11211
              },
              {
                "cidr_blocks": [],
                "description": "open rabbitmq port for webapp",
                "from_port": 5672,
                "ipv6_cidr_blocks": [],
                "prefix_list_ids": [],
                "protocol": "tcp",
                "security_groups": [],
                "self": true,
                "to_port": 5672
              },
              {
                "cidr_blocks": [],
                "description": "open webapp port for nginx(frontend) ",
                "from_port": 8080,
                "ipv6_cidr_blocks": [],
                "prefix_list_ids": [],
                "protocol": "tcp",
                "security_groups": [
                  "sg-0edd0180b17c16ae5"
                ],
                "self": true,
                "to_port": 8080
              }
            ],
            "name": "backend-servers",
            "name_prefix": "",
            "owner_id": "091570247959",
            "revoke_rules_on_delete": false,
            "tags": {
              "Environment": "dev",
              "Name": "backend-servers-sg",
              "Project": "vprofile-project"
            },
            "tags_all": {
              "Environment": "dev",
              "Name": "backend-servers-sg",
              "Project": "vprofile-project"
            },
            "timeouts": null,
            "vpc_id": "vpc-056afa564ec49130d"
          },
          "sensitive_attributes": [],
          "private": "eyJlMmJmYjczMC1lY2FhLTExZTYtOGY4OC0zNDM2M2JjN2M0YzAiOnsiY3JlYXRlIjo2MDAwMDAwMDAwMDAsImRlbGV0ZSI6OTAwMDAwMDAwMDAwfSwic2NoZW1hX3ZlcnNpb24iOiIxIn0=",
          "dependencies": [
            "module.securitygroups.aws_security_group.frontend-servers",
            "module.vpc.aws_vpc.main"
          ]
        }
      ]
    },
    {
      "module": "module.securitygroups",
      "mode": "managed",
      "type": "aws_security_group",
      "name": "frontend-servers",
      "provider": "module.securitygroups.provider[\"registry.terraform.io/hashicorp/aws\"]",
      "instances": [
        {
          "schema_version": 1,
          "attributes": {
            "arn": "arn:aws:ec2:us-east-1:091570247959:security-group/sg-0edd0180b17c16ae5",
            "description": "security group for nginx-server",
            "egress": [
              {
                "cidr_blocks": [
                  "0.0.0.0/0"
                ],
                "description": "",
                "from_port": 0,
                "ipv6_cidr_blocks": [],
                "prefix_list_ids": [],
                "protocol": "-1",
                "security_groups": [],
                "self": false,
                "to_port": 0
              }
            ],
            "id": "sg-0edd0180b17c16ae5",
            "ingress": [
              {
                "cidr_blocks": [
                  "0.0.0.0/0"
                ],
                "description": "",
                "from_port": 22,
                "ipv6_cidr_blocks": [],
                "prefix_list_ids": [],
                "protocol": "tcp",
                "security_groups": [],
                "self": false,
                "to_port": 22
              },
              {
                "cidr_blocks": [
                  "0.0.0.0/0"
                ],
                "description": "",
                "from_port": 80,
                "ipv6_cidr_blocks": [],
                "prefix_list_ids": [],
                "protocol": "tcp",
                "security_groups": [],
                "self": false,
                "to_port": 80
              }
            ],
            "name": "frontend-servers",
            "name_prefix": "",
            "owner_id": "091570247959",
            "revoke_rules_on_delete": false,
            "tags": {
              "Environment": "dev",
              "Name": "frontend-servers-sg",
              "Project": "vprofile-project"
            },
            "tags_all": {
              "Environment": "dev",
              "Name": "frontend-servers-sg",
              "Project": "vprofile-project"
            },
            "timeouts": null,
            "vpc_id": "vpc-056afa564ec49130d"
          },
          "sensitive_attributes": [],
          "private": "eyJlMmJmYjczMC1lY2FhLTExZTYtOGY4OC0zNDM2M2JjN2M0YzAiOnsiY3JlYXRlIjo2MDAwMDAwMDAwMDAsImRlbGV0ZSI6OTAwMDAwMDAwMDAwfSwic2NoZW1hX3ZlcnNpb24iOiIxIn0=",
          "dependencies": [
            "module.vpc.aws_vpc.main"
          ]
        }
      ]
    },
    {
      "module": "module.subnets",
      "mode": "managed",
      "type": "aws_subnet",
      "name": "private",
      "provider": "module.subnets.provider[\"registry.terraform.io/hashicorp/aws\"]",
      "instances": [
        {
          "schema_version": 1,
          "attributes": {
            "arn": "arn:aws:ec2:us-east-1:091570247959:subnet/subnet-0fad0e34f505a8773",
            "assign_ipv6_address_on_creation": false,
            "availability_zone": "us-east-1c",
            "availability_zone_id": "use1-az1",
            "cidr_block": "10.0.2.0/24",
            "customer_owned_ipv4_pool": "",
            "enable_dns64": false,
            "enable_lni_at_device_index": 0,
            "enable_resource_name_dns_a_record_on_launch": false,
            "enable_resource_name_dns_aaaa_record_on_launch": false,
            "id": "subnet-0fad0e34f505a8773",
            "ipv6_cidr_block": "",
            "ipv6_cidr_block_association_id": "",
            "ipv6_native": false,
            "map_customer_owned_ip_on_launch": false,
            "map_public_ip_on_launch": false,
            "outpost_arn": "",
            "owner_id": "091570247959",
            "private_dns_hostname_type_on_launch": "ip-name",
            "tags": {
              "Environment": "dev",
              "Name": "vprofile-sub-private",
              "Project": "vprofile-project"
            },
            "tags_all": {
              "Environment": "dev",
              "Name": "vprofile-sub-private",
              "Project": "vprofile-project"
            },
            "timeouts": null,
            "vpc_id": "vpc-056afa564ec49130d"
          },
          "sensitive_attributes": [],
          "private": "eyJlMmJmYjczMC1lY2FhLTExZTYtOGY4OC0zNDM2M2JjN2M0YzAiOnsiY3JlYXRlIjo2MDAwMDAwMDAwMDAsImRlbGV0ZSI6MTIwMDAwMDAwMDAwMH0sInNjaGVtYV92ZXJzaW9uIjoiMSJ9",
          "dependencies": [
            "module.vpc.aws_vpc.main"
          ]
        }
      ]
    },
    {
      "module": "module.subnets",
      "mode": "managed",
      "type": "aws_subnet",
      "name": "private1",
      "provider": "module.subnets.provider[\"registry.terraform.io/hashicorp/aws\"]",
      "instances": [
        {
          "schema_version": 1,
          "attributes": {
            "arn": "arn:aws:ec2:us-east-1:091570247959:subnet/subnet-0f20d091c74c4f811",
            "assign_ipv6_address_on_creation": false,
            "availability_zone": "us-east-1d",
            "availability_zone_id": "use1-az2",
            "cidr_block": "10.0.4.0/24",
            "customer_owned_ipv4_pool": "",
            "enable_dns64": false,
            "enable_lni_at_device_index": 0,
            "enable_resource_name_dns_a_record_on_launch": false,
            "enable_resource_name_dns_aaaa_record_on_launch": false,
            "id": "subnet-0f20d091c74c4f811",
            "ipv6_cidr_block": "",
            "ipv6_cidr_block_association_id": "",
            "ipv6_native": false,
            "map_customer_owned_ip_on_launch": false,
            "map_public_ip_on_launch": false,
            "outpost_arn": "",
            "owner_id": "091570247959",
            "private_dns_hostname_type_on_launch": "ip-name",
            "tags": {
              "Environment": "dev",
              "Name": "vprofile-sub-private2",
              "Project": "vprofile-project"
            },
            "tags_all": {
              "Environment": "dev",
              "Name": "vprofile-sub-private2",
              "Project": "vprofile-project"
            },
            "timeouts": null,
            "vpc_id": "vpc-056afa564ec49130d"
          },
          "sensitive_attributes": [],
          "private": "eyJlMmJmYjczMC1lY2FhLTExZTYtOGY4OC0zNDM2M2JjN2M0YzAiOnsiY3JlYXRlIjo2MDAwMDAwMDAwMDAsImRlbGV0ZSI6MTIwMDAwMDAwMDAwMH0sInNjaGVtYV92ZXJzaW9uIjoiMSJ9",
          "dependencies": [
            "module.vpc.aws_vpc.main"
          ]
        }
      ]
    },
    {
      "module": "module.subnets",
      "mode": "managed",
      "type": "aws_subnet",
      "name": "public",
      "provider": "module.subnets.provider[\"registry.terraform.io/hashicorp/aws\"]",
      "instances": [
        {
          "schema_version": 1,
          "attributes": {
            "arn": "arn:aws:ec2:us-east-1:091570247959:subnet/subnet-067a9ff9ee7eda1a2",
            "assign_ipv6_address_on_creation": false,
            "availability_zone": "us-east-1a",
            "availability_zone_id": "use1-az4",
            "cidr_block": "10.0.1.0/24",
            "customer_owned_ipv4_pool": "",
            "enable_dns64": false,
            "enable_lni_at_device_index": 0,
            "enable_resource_name_dns_a_record_on_launch": false,
            "enable_resource_name_dns_aaaa_record_on_launch": false,
            "id": "subnet-067a9ff9ee7eda1a2",
            "ipv6_cidr_block": "",
            "ipv6_cidr_block_association_id": "",
            "ipv6_native": false,
            "map_customer_owned_ip_on_launch": false,
            "map_public_ip_on_launch": true,
            "outpost_arn": "",
            "owner_id": "091570247959",
            "private_dns_hostname_type_on_launch": "ip-name",
            "tags": {
              "Environment": "dev",
              "Name": "vprofile-sub-public",
              "Project": "vprofile-project"
            },
            "tags_all": {
              "Environment": "dev",
              "Name": "vprofile-sub-public",
              "Project": "vprofile-project"
            },
            "timeouts": null,
            "vpc_id": "vpc-056afa564ec49130d"
          },
          "sensitive_attributes": [],
          "private": "eyJlMmJmYjczMC1lY2FhLTExZTYtOGY4OC0zNDM2M2JjN2M0YzAiOnsiY3JlYXRlIjo2MDAwMDAwMDAwMDAsImRlbGV0ZSI6MTIwMDAwMDAwMDAwMH0sInNjaGVtYV92ZXJzaW9uIjoiMSJ9",
          "dependencies": [
            "module.vpc.aws_vpc.main"
          ]
        }
      ]
    },
    {
      "module": "module.subnets",
      "mode": "managed",
      "type": "aws_subnet",
      "name": "public1",
      "provider": "module.subnets.provider[\"registry.terraform.io/hashicorp/aws\"]",
      "instances": [
        {
          "schema_version": 1,
          "attributes": {
            "arn": "arn:aws:ec2:us-east-1:091570247959:subnet/subnet-0bc5b93841f3d98e3",
            "assign_ipv6_address_on_creation": false,
            "availability_zone": "us-east-1b",
            "availability_zone_id": "use1-az6",
            "cidr_block": "10.0.3.0/24",
            "customer_owned_ipv4_pool": "",
            "enable_dns64": false,
            "enable_lni_at_device_index": 0,
            "enable_resource_name_dns_a_record_on_launch": false,
            "enable_resource_name_dns_aaaa_record_on_launch": false,
            "id": "subnet-0bc5b93841f3d98e3",
            "ipv6_cidr_block": "",
            "ipv6_cidr_block_association_id": "",
            "ipv6_native": false,
            "map_customer_owned_ip_on_launch": false,
            "map_public_ip_on_launch": true,
            "outpost_arn": "",
            "owner_id": "091570247959",
            "private_dns_hostname_type_on_launch": "ip-name",
            "tags": {
              "Environment": "dev",
              "Name": "vprofile-sub-public2",
              "Project": "vprofile-project"
            },
            "tags_all": {
              "Environment": "dev",
              "Name": "vprofile-sub-public2",
              "Project": "vprofile-project"
            },
            "timeouts": null,
            "vpc_id": "vpc-056afa564ec49130d"
          },
          "sensitive_attributes": [],
          "private": "eyJlMmJmYjczMC1lY2FhLTExZTYtOGY4OC0zNDM2M2JjN2M0YzAiOnsiY3JlYXRlIjo2MDAwMDAwMDAwMDAsImRlbGV0ZSI6MTIwMDAwMDAwMDAwMH0sInNjaGVtYV92ZXJzaW9uIjoiMSJ9",
          "dependencies": [
            "module.vpc.aws_vpc.main"
          ]
        }
      ]
    },
    {
      "module": "module.vpc",
      "mode": "managed",
      "type": "aws_vpc",
      "name": "main",
      "provider": "module.vpc.provider[\"registry.terraform.io/hashicorp/aws\"]",
      "instances": [
        {
          "schema_version": 1,
          "attributes": {
            "arn": "arn:aws:ec2:us-east-1:091570247959:vpc/vpc-056afa564ec49130d",
            "assign_generated_ipv6_cidr_block": false,
            "cidr_block": "10.0.0.0/16",
            "default_network_acl_id": "acl-02cb76033444f482c",
            "default_route_table_id": "rtb-0526e339c776d3baa",
            "default_security_group_id": "sg-0704cb23668b99090",
            "dhcp_options_id": "dopt-0ef3da9f8262dfc65",
            "enable_dns_hostnames": true,
            "enable_dns_support": true,
            "enable_network_address_usage_metrics": false,
            "id": "vpc-056afa564ec49130d",
            "instance_tenancy": "default",
            "ipv4_ipam_pool_id": null,
            "ipv4_netmask_length": null,
            "ipv6_association_id": "",
            "ipv6_cidr_block": "",
            "ipv6_cidr_block_network_border_group": "",
            "ipv6_ipam_pool_id": "",
            "ipv6_netmask_length": 0,
            "main_route_table_id": "rtb-0526e339c776d3baa",
            "owner_id": "091570247959",
            "tags": {
              "Environment": "dev",
              "Name": "vprofile-vpc",
              "Project": "vprofile-project"
            },
            "tags_all": {
              "Environment": "dev",
              "Name": "vprofile-vpc",
              "Project": "vprofile-project"
            }
          },
          "sensitive_attributes": [],
          "private": "eyJzY2hlbWFfdmVyc2lvbiI6IjEifQ=="
        }
      ]
    }
  ],
  "check_results": null
}
